// !$*UTF8*$!
{
	archiveVersion = 1;
	classes = {
	};
	objectVersion = 77;
	objects = {

/* Begin PBXContainerItemProxy section */
		20C91DF72DC4BFC3000E3F6D /* PBXContainerItemProxy */ = {
			isa = PBXContainerItemProxy;
			containerPortal = 20C91DE12DC4BFC1000E3F6D /* Project object */;
			proxyType = 1;
			remoteGlobalIDString = 20C91DE82DC4BFC1000E3F6D;
			remoteInfo = GamifiedCatTodo;
		};
		20C91E012DC4BFC3000E3F6D /* PBXContainerItemProxy */ = {
			isa = PBXContainerItemProxy;
			containerPortal = 20C91DE12DC4BFC1000E3F6D /* Project object */;
			proxyType = 1;
			remoteGlobalIDString = 20C91DE82DC4BFC1000E3F6D;
			remoteInfo = GamifiedCatTodo;
		};
/* End PBXContainerItemProxy section */

/* Begin PBXFileReference section */
		20C91DE92DC4BFC1000E3F6D /* GamifiedCatTodo.app */ = {isa = PBXFileReference; explicitFileType = wrapper.application; includeInIndex = 0; path = GamifiedCatTodo.app; sourceTree = BUILT_PRODUCTS_DIR; };
		20C91DF62DC4BFC3000E3F6D /* GamifiedCatTodoTests.xctest */ = {isa = PBXFileReference; explicitFileType = wrapper.cfbundle; includeInIndex = 0; path = GamifiedCatTodoTests.xctest; sourceTree = BUILT_PRODUCTS_DIR; };
		20C91E002DC4BFC3000E3F6D /* GamifiedCatTodoUITests.xctest */ = {isa = PBXFileReference; explicitFileType = wrapper.cfbundle; includeInIndex = 0; path = GamifiedCatTodoUITests.xctest; sourceTree = BUILT_PRODUCTS_DIR; };
/* End PBXFileReference section */

/* Begin PBXFileSystemSynchronizedBuildFileExceptionSet section */
		20211A412DCC7C7E0084368F /* Exceptions for "GamifiedCatTodo" folder in "GamifiedCatTodo" target */ = {
			isa = PBXFileSystemSynchronizedBuildFileExceptionSet;
			membershipExceptions = (
				Constants.swift,
			);
			target = 20C91DE82DC4BFC1000E3F6D /* GamifiedCatTodo */;
		};
/* End PBXFileSystemSynchronizedBuildFileExceptionSet section */

/* Begin PBXFileSystemSynchronizedGroupBuildPhaseMembershipExceptionSet section */
		20211A422DCC7C7E0084368F /* Exceptions for "GamifiedCatTodo" folder in "Copy Bundle Resources" phase from "GamifiedCatTodo" target */ = {
			isa = PBXFileSystemSynchronizedGroupBuildPhaseMembershipExceptionSet;
			buildPhase = 20C91DE72DC4BFC1000E3F6D /* Resources */;
			membershipExceptions = (
				Constants.swift,
			);
		};
/* End PBXFileSystemSynchronizedGroupBuildPhaseMembershipExceptionSet section */

/* Begin PBXFileSystemSynchronizedRootGroup section */
		20C91DEB2DC4BFC1000E3F6D /* GamifiedCatTodo */ = {
			isa = PBXFileSystemSynchronizedRootGroup;
			exceptions = (
				20211A412DCC7C7E0084368F /* Exceptions for "GamifiedCatTodo" folder in "GamifiedCatTodo" target */,
				20211A422DCC7C7E0084368F /* Exceptions for "GamifiedCatTodo" folder in "Copy Bundle Resources" phase from "GamifiedCatTodo" target */,
			);
			path = GamifiedCatTodo;
			sourceTree = "<group>";
		};
		20C91DF92DC4BFC3000E3F6D /* GamifiedCatTodoTests */ = {
			isa = PBXFileSystemSynchronizedRootGroup;
			path = GamifiedCatTodoTests;
			sourceTree = "<group>";
		};
		20C91E032DC4BFC3000E3F6D /* GamifiedCatTodoUITests */ = {
			isa = PBXFileSystemSynchronizedRootGroup;
			path = GamifiedCatTodoUITests;
			sourceTree = "<group>";
		};
/* End PBXFileSystemSynchronizedRootGroup section */

/* Begin PBXFrameworksBuildPhase section */
		20C91DE62DC4BFC1000E3F6D /* Frameworks */ = {
			isa = PBXFrameworksBuildPhase;
			buildActionMask = 2147483647;
			files = (
			);
			runOnlyForDeploymentPostprocessing = 0;
		};
		20C91DF32DC4BFC3000E3F6D /* Frameworks */ = {
			isa = PBXFrameworksBuildPhase;
			buildActionMask = 2147483647;
			files = (
			);
			runOnlyForDeploymentPostprocessing = 0;
		};
		20C91DFD2DC4BFC3000E3F6D /* Frameworks */ = {
			isa = PBXFrameworksBuildPhase;
			buildActionMask = 2147483647;
			files = (
			);
			runOnlyForDeploymentPostprocessing = 0;
		};
/* End PBXFrameworksBuildPhase section */

/* Begin PBXGroup section */
		20C91DE02DC4BFC1000E3F6D = {
			isa = PBXGroup;
			children = (
				20C91DEB2DC4BFC1000E3F6D /* GamifiedCatTodo */,
				20C91DF92DC4BFC3000E3F6D /* GamifiedCatTodoTests */,
				20C91E032DC4BFC3000E3F6D /* GamifiedCatTodoUITests */,
				20C91DEA2DC4BFC1000E3F6D /* Products */,
			);
			sourceTree = "<group>";
		};
		20C91DEA2DC4BFC1000E3F6D /* Products */ = {
			isa = PBXGroup;
			children = (
				20C91DE92DC4BFC1000E3F6D /* GamifiedCatTodo.app */,
				20C91DF62DC4BFC3000E3F6D /* GamifiedCatTodoTests.xctest */,
				20C91E002DC4BFC3000E3F6D /* GamifiedCatTodoUITests.xctest */,
			);
			name = Products;
			sourceTree = "<group>";
		};
/* End PBXGroup section */

/* Begin PBXNativeTarget section */
		20C91DE82DC4BFC1000E3F6D /* GamifiedCatTodo */ = {
			isa = PBXNativeTarget;
			buildConfigurationList = 20C91E0A2DC4BFC3000E3F6D /* Build configuration list for PBXNativeTarget "GamifiedCatTodo" */;
			buildPhases = (
				20C91DE52DC4BFC1000E3F6D /* Sources */,
				20C91DE62DC4BFC1000E3F6D /* Frameworks */,
				20C91DE72DC4BFC1000E3F6D /* Resources */,
			);
			buildRules = (
			);
			dependencies = (
			);
			fileSystemSynchronizedGroups = (
				20C91DEB2DC4BFC1000E3F6D /* GamifiedCatTodo */,
			);
			name = GamifiedCatTodo;
			packageProductDependencies = (
			);
			productName = GamifiedCatTodo;
			productReference = 20C91DE92DC4BFC1000E3F6D /* GamifiedCatTodo.app */;
			productType = "com.apple.product-type.application";
		};
		20C91DF52DC4BFC3000E3F6D /* GamifiedCatTodoTests */ = {
			isa = PBXNativeTarget;
			buildConfigurationList = 20C91E0D2DC4BFC3000E3F6D /* Build configuration list for PBXNativeTarget "GamifiedCatTodoTests" */;
			buildPhases = (
				20C91DF22DC4BFC3000E3F6D /* Sources */,
				20C91DF32DC4BFC3000E3F6D /* Frameworks */,
				20C91DF42DC4BFC3000E3F6D /* Resources */,
			);
			buildRules = (
			);
			dependencies = (
				20C91DF82DC4BFC3000E3F6D /* PBXTargetDependency */,
			);
			fileSystemSynchronizedGroups = (
				20C91DF92DC4BFC3000E3F6D /* GamifiedCatTodoTests */,
			);
			name = GamifiedCatTodoTests;
			packageProductDependencies = (
			);
			productName = GamifiedCatTodoTests;
			productReference = 20C91DF62DC4BFC3000E3F6D /* GamifiedCatTodoTests.xctest */;
			productType = "com.apple.product-type.bundle.unit-test";
		};
		20C91DFF2DC4BFC3000E3F6D /* GamifiedCatTodoUITests */ = {
			isa = PBXNativeTarget;
			buildConfigurationList = 20C91E102DC4BFC3000E3F6D /* Build configuration list for PBXNativeTarget "GamifiedCatTodoUITests" */;
			buildPhases = (
				20C91DFC2DC4BFC3000E3F6D /* Sources */,
				20C91DFD2DC4BFC3000E3F6D /* Frameworks */,
				20C91DFE2DC4BFC3000E3F6D /* Resources */,
			);
			buildRules = (
			);
			dependencies = (
				20C91E022DC4BFC3000E3F6D /* PBXTargetDependency */,
			);
			fileSystemSynchronizedGroups = (
				20C91E032DC4BFC3000E3F6D /* GamifiedCatTodoUITests */,
			);
			name = GamifiedCatTodoUITests;
			packageProductDependencies = (
			);
			productName = GamifiedCatTodoUITests;
			productReference = 20C91E002DC4BFC3000E3F6D /* GamifiedCatTodoUITests.xctest */;
			productType = "com.apple.product-type.bundle.ui-testing";
		};
/* End PBXNativeTarget section */

/* Begin PBXProject section */
		20C91DE12DC4BFC1000E3F6D /* Project object */ = {
			isa = PBXProject;
			attributes = {
				BuildIndependentTargetsInParallel = 1;
				LastSwiftUpdateCheck = 1630;
				LastUpgradeCheck = 1630;
				TargetAttributes = {
					20C91DE82DC4BFC1000E3F6D = {
						CreatedOnToolsVersion = 16.3;
					};
					20C91DF52DC4BFC3000E3F6D = {
						CreatedOnToolsVersion = 16.3;
						TestTargetID = 20C91DE82DC4BFC1000E3F6D;
					};
					20C91DFF2DC4BFC3000E3F6D = {
						CreatedOnToolsVersion = 16.3;
						TestTargetID = 20C91DE82DC4BFC1000E3F6D;
					};
				};
			};
			buildConfigurationList = 20C91DE42DC4BFC1000E3F6D /* Build configuration list for PBXProject "GamifiedCatTodo" */;
			developmentRegion = en;
			hasScannedForEncodings = 0;
			knownRegions = (
				en,
				Base,
			);
			mainGroup = 20C91DE02DC4BFC1000E3F6D;
			minimizedProjectReferenceProxies = 1;
			preferredProjectObjectVersion = 77;
			productRefGroup = 20C91DEA2DC4BFC1000E3F6D /* Products */;
			projectDirPath = "";
			projectRoot = "";
			targets = (
				20C91DE82DC4BFC1000E3F6D /* GamifiedCatTodo */,
				20C91DF52DC4BFC3000E3F6D /* GamifiedCatTodoTests */,
				20C91DFF2DC4BFC3000E3F6D /* GamifiedCatTodoUITests */,
			);
		};
/* End PBXProject section */

/* Begin PBXResourcesBuildPhase section */
		20C91DE72DC4BFC1000E3F6D /* Resources */ = {
			isa = PBXResourcesBuildPhase;
			buildActionMask = 2147483647;
			files = (
			);
			runOnlyForDeploymentPostprocessing = 0;
		};
		20C91DF42DC4BFC3000E3F6D /* Resources */ = {
			isa = PBXResourcesBuildPhase;
			buildActionMask = 2147483647;
			files = (
			);
			runOnlyForDeploymentPostprocessing = 0;
		};
		20C91DFE2DC4BFC3000E3F6D /* Resources */ = {
			isa = PBXResourcesBuildPhase;
			buildActionMask = 2147483647;
			files = (
			);
			runOnlyForDeploymentPostprocessing = 0;
		};
/* End PBXResourcesBuildPhase section */

/* Begin PBXSourcesBuildPhase section */
		20C91DE52DC4BFC1000E3F6D /* Sources */ = {
			isa = PBXSourcesBuildPhase;
			buildActionMask = 2147483647;
			files = (
			);
			runOnlyForDeploymentPostprocessing = 0;
		};
		20C91DF22DC4BFC3000E3F6D /* Sources */ = {
			isa = PBXSourcesBuildPhase;
			buildActionMask = 2147483647;
			files = (
			);
			runOnlyForDeploymentPostprocessing = 0;
		};
		20C91DFC2DC4BFC3000E3F6D /* Sources */ = {
			isa = PBXSourcesBuildPhase;
			buildActionMask = 2147483647;
			files = (
			);
			runOnlyForDeploymentPostprocessing = 0;
		};
/* End PBXSourcesBuildPhase section */

/* Begin PBXTargetDependency section */
		20C91DF82DC4BFC3000E3F6D /* PBXTargetDependency */ = {
			isa = PBXTargetDependency;
			target = 20C91DE82DC4BFC1000E3F6D /* GamifiedCatTodo */;
			targetProxy = 20C91DF72DC4BFC3000E3F6D /* PBXContainerItemProxy */;
		};
		20C91E022DC4BFC3000E3F6D /* PBXTargetDependency */ = {
			isa = PBXTargetDependency;
			target = 20C91DE82DC4BFC1000E3F6D /* GamifiedCatTodo */;
			targetProxy = 20C91E012DC4BFC3000E3F6D /* PBXContainerItemProxy */;
		};
/* End PBXTargetDependency section */

/* Begin XCBuildConfiguration section */
		20C91E082DC4BFC3000E3F6D /* Debug */ = {
			isa = XCBuildConfiguration;
			buildSettings = {
				ALWAYS_SEARCH_USER_PATHS = NO;
				ASSETCATALOG_COMPILER_GENERATE_SWIFT_ASSET_SYMBOL_EXTENSIONS = YES;
				CLANG_ANALYZER_NONNULL = YES;
				CLANG_ANALYZER_NUMBER_OBJECT_CONVERSION = YES_AGGRESSIVE;
				CLANG_CXX_LANGUAGE_STANDARD = "gnu++20";
				CLANG_ENABLE_MODULES = YES;
				CLANG_ENABLE_OBJC_ARC = YES;
				CLANG_ENABLE_OBJC_WEAK = YES;
				CLANG_WARN_BLOCK_CAPTURE_AUTORELEASING = YES;
				CLANG_WARN_BOOL_CONVERSION = YES;
				CLANG_WARN_COMMA = YES;
				CLANG_WARN_CONSTANT_CONVERSION = YES;
				CLANG_WARN_DEPRECATED_OBJC_IMPLEMENTATIONS = YES;
				CLANG_WARN_DIRECT_OBJC_ISA_USAGE = YES_ERROR;
				CLANG_WARN_DOCUMENTATION_COMMENTS = YES;
				CLANG_WARN_EMPTY_BODY = YES;
				CLANG_WARN_ENUM_CONVERSION = YES;
				CLANG_WARN_INFINITE_RECURSION = YES;
				CLANG_WARN_INT_CONVERSION = YES;
				CLANG_WARN_NON_LITERAL_NULL_CONVERSION = YES;
				CLANG_WARN_OBJC_IMPLICIT_RETAIN_SELF = YES;
				CLANG_WARN_OBJC_LITERAL_CONVERSION = YES;
				CLANG_WARN_OBJC_ROOT_CLASS = YES_ERROR;
				CLANG_WARN_QUOTED_INCLUDE_IN_FRAMEWORK_HEADER = YES;
				CLANG_WARN_RANGE_LOOP_ANALYSIS = YES;
				CLANG_WARN_STRICT_PROTOTYPES = YES;
				CLANG_WARN_SUSPICIOUS_MOVE = YES;
				CLANG_WARN_UNGUARDED_AVAILABILITY = YES_AGGRESSIVE;
				CLANG_WARN_UNREACHABLE_CODE = YES;
				CLANG_WARN__DUPLICATE_METHOD_MATCH = YES;
				COPY_PHASE_STRIP = NO;
				DEBUG_INFORMATION_FORMAT = dwarf;
				DEVELOPMENT_TEAM = J6J7Y7M828;
				ENABLE_STRICT_OBJC_MSGSEND = YES;
				ENABLE_TESTABILITY = YES;
				ENABLE_USER_SCRIPT_SANDBOXING = YES;
				GCC_C_LANGUAGE_STANDARD = gnu17;
				GCC_DYNAMIC_NO_PIC = NO;
				GCC_NO_COMMON_BLOCKS = YES;
				GCC_OPTIMIZATION_LEVEL = 0;
				GCC_PREPROCESSOR_DEFINITIONS = (
					"DEBUG=1",
					"$(inherited)",
				);
				GCC_WARN_64_TO_32_BIT_CONVERSION = YES;
				GCC_WARN_ABOUT_RETURN_TYPE = YES_ERROR;
				GCC_WARN_UNDECLARED_SELECTOR = YES;
				GCC_WARN_UNINITIALIZED_AUTOS = YES_AGGRESSIVE;
				GCC_WARN_UNUSED_FUNCTION = YES;
				GCC_WARN_UNUSED_VARIABLE = YES;
				IPHONEOS_DEPLOYMENT_TARGET = 18.4;
				LOCALIZATION_PREFERS_STRING_CATALOGS = YES;
				MTL_ENABLE_DEBUG_INFO = INCLUDE_SOURCE;
				MTL_FAST_MATH = YES;
				ONLY_ACTIVE_ARCH = YES;
				SDKROOT = iphoneos;
				SWIFT_ACTIVE_COMPILATION_CONDITIONS = "DEBUG $(inherited)";
				SWIFT_OPTIMIZATION_LEVEL = "-Onone";
			};
			name = Debug;
		};
		20C91E092DC4BFC3000E3F6D /* Release */ = {
			isa = XCBuildConfiguration;
			buildSettings = {
				ALWAYS_SEARCH_USER_PATHS = NO;
				ASSETCATALOG_COMPILER_GENERATE_SWIFT_ASSET_SYMBOL_EXTENSIONS = YES;
				CLANG_ANALYZER_NONNULL = YES;
				CLANG_ANALYZER_NUMBER_OBJECT_CONVERSION = YES_AGGRESSIVE;
				CLANG_CXX_LANGUAGE_STANDARD = "gnu++20";
				CLANG_ENABLE_MODULES = YES;
				CLANG_ENABLE_OBJC_ARC = YES;
				CLANG_ENABLE_OBJC_WEAK = YES;
				CLANG_WARN_BLOCK_CAPTURE_AUTORELEASING = YES;
				CLANG_WARN_BOOL_CONVERSION = YES;
				CLANG_WARN_COMMA = YES;
				CLANG_WARN_CONSTANT_CONVERSION = YES;
				CLANG_WARN_DEPRECATED_OBJC_IMPLEMENTATIONS = YES;
				CLANG_WARN_DIRECT_OBJC_ISA_USAGE = YES_ERROR;
				CLANG_WARN_DOCUMENTATION_COMMENTS = YES;
				CLANG_WARN_EMPTY_BODY = YES;
				CLANG_WARN_ENUM_CONVERSION = YES;
				CLANG_WARN_INFINITE_RECURSION = YES;
				CLANG_WARN_INT_CONVERSION = YES;
				CLANG_WARN_NON_LITERAL_NULL_CONVERSION = YES;
				CLANG_WARN_OBJC_IMPLICIT_RETAIN_SELF = YES;
				CLANG_WARN_OBJC_LITERAL_CONVERSION = YES;
				CLANG_WARN_OBJC_ROOT_CLASS = YES_ERROR;
				CLANG_WARN_QUOTED_INCLUDE_IN_FRAMEWORK_HEADER = YES;
				CLANG_WARN_RANGE_LOOP_ANALYSIS = YES;
				CLANG_WARN_STRICT_PROTOTYPES = YES;
				CLANG_WARN_SUSPICIOUS_MOVE = YES;
				CLANG_WARN_UNGUARDED_AVAILABILITY = YES_AGGRESSIVE;
				CLANG_WARN_UNREACHABLE_CODE = YES;
				CLANG_WARN__DUPLICATE_METHOD_MATCH = YES;
				COPY_PHASE_STRIP = NO;
				DEBUG_INFORMATION_FORMAT = "dwarf-with-dsym";
				DEVELOPMENT_TEAM = J6J7Y7M828;
				ENABLE_NS_ASSERTIONS = NO;
				ENABLE_STRICT_OBJC_MSGSEND = YES;
				ENABLE_USER_SCRIPT_SANDBOXING = YES;
				GCC_C_LANGUAGE_STANDARD = gnu17;
				GCC_NO_COMMON_BLOCKS = YES;
				GCC_WARN_64_TO_32_BIT_CONVERSION = YES;
				GCC_WARN_ABOUT_RETURN_TYPE = YES_ERROR;
				GCC_WARN_UNDECLARED_SELECTOR = YES;
				GCC_WARN_UNINITIALIZED_AUTOS = YES_AGGRESSIVE;
				GCC_WARN_UNUSED_FUNCTION = YES;
				GCC_WARN_UNUSED_VARIABLE = YES;
				IPHONEOS_DEPLOYMENT_TARGET = 18.4;
				LOCALIZATION_PREFERS_STRING_CATALOGS = YES;
				MTL_ENABLE_DEBUG_INFO = NO;
				MTL_FAST_MATH = YES;
				SDKROOT = iphoneos;
				SWIFT_COMPILATION_MODE = wholemodule;
				VALIDATE_PRODUCT = YES;
			};
			name = Release;
		};
		20C91E0B2DC4BFC3000E3F6D /* Debug */ = {
			isa = XCBuildConfiguration;
			buildSettings = {
				ASSETCATALOG_COMPILER_APPICON_NAME = AppIcon;
				ASSETCATALOG_COMPILER_GLOBAL_ACCENT_COLOR_NAME = AccentColor;
				CODE_SIGN_STYLE = Automatic;
				CURRENT_PROJECT_VERSION = 1;
				DEVELOPMENT_TEAM = J6J7Y7M828;
				ENABLE_PREVIEWS = YES;
				GENERATE_INFOPLIST_FILE = YES;
				INFOPLIST_KEY_UIApplicationSceneManifest_Generation = YES;
				INFOPLIST_KEY_UIApplicationSupportsIndirectInputEvents = YES;
				INFOPLIST_KEY_UILaunchScreen_Generation = YES;
				INFOPLIST_KEY_UISupportedInterfaceOrientations_iPad = "UIInterfaceOrientationPortrait UIInterfaceOrientationPortraitUpsideDown UIInterfaceOrientationLandscapeLeft UIInterfaceOrientationLandscapeRight";
				INFOPLIST_KEY_UISupportedInterfaceOrientations_iPhone = "UIInterfaceOrientationPortrait UIInterfaceOrientationLandscapeLeft UIInterfaceOrientationLandscapeRight";
				LD_RUNPATH_SEARCH_PATHS = (
					"$(inherited)",
					"@executable_path/Frameworks",
				);
				MARKETING_VERSION = 1.0;
				PRODUCT_BUNDLE_IDENTIFIER = Developing.GamifiedCatTodo;
				PRODUCT_NAME = "$(TARGET_NAME)";
				SWIFT_EMIT_LOC_STRINGS = YES;
				SWIFT_VERSION = 5.0;
				TARGETED_DEVICE_FAMILY = "1,2";
			};
			name = Debug;
		};
		20C91E0C2DC4BFC3000E3F6D /* Release */ = {
			isa = XCBuildConfiguration;
			buildSettings = {
				ASSETCATALOG_COMPILER_APPICON_NAME = AppIcon;
				ASSETCATALOG_COMPILER_GLOBAL_ACCENT_COLOR_NAME = AccentColor;
				CODE_SIGN_STYLE = Automatic;
				CURRENT_PROJECT_VERSION = 1;
				DEVELOPMENT_TEAM = J6J7Y7M828;
				ENABLE_PREVIEWS = YES;
				GENERATE_INFOPLIST_FILE = YES;
				INFOPLIST_KEY_UIApplicationSceneManifest_Generation = YES;
				INFOPLIST_KEY_UIApplicationSupportsIndirectInputEvents = YES;
				INFOPLIST_KEY_UILaunchScreen_Generation = YES;
				INFOPLIST_KEY_UISupportedInterfaceOrientations_iPad = "UIInterfaceOrientationPortrait UIInterfaceOrientationPortraitUpsideDown UIInterfaceOrientationLandscapeLeft UIInterfaceOrientationLandscapeRight";
				INFOPLIST_KEY_UISupportedInterfaceOrientations_iPhone = "UIInterfaceOrientationPortrait UIInterfaceOrientationLandscapeLeft UIInterfaceOrientationLandscapeRight";
				LD_RUNPATH_SEARCH_PATHS = (
					"$(inherited)",
					"@executable_path/Frameworks",
				);
				MARKETING_VERSION = 1.0;
				PRODUCT_BUNDLE_IDENTIFIER = Developing.GamifiedCatTodo;
				PRODUCT_NAME = "$(TARGET_NAME)";
				SWIFT_EMIT_LOC_STRINGS = YES;
				SWIFT_VERSION = 5.0;
				TARGETED_DEVICE_FAMILY = "1,2";
			};
			name = Release;
		};
		20C91E0E2DC4BFC3000E3F6D /* Debug */ = {
			isa = XCBuildConfiguration;
			buildSettings = {
				BUNDLE_LOADER = "$(TEST_HOST)";
				CODE_SIGN_STYLE = Automatic;
				CURRENT_PROJECT_VERSION = 1;
				DEVELOPMENT_TEAM = J6J7Y7M828;
				GENERATE_INFOPLIST_FILE = YES;
				IPHONEOS_DEPLOYMENT_TARGET = 18.4;
				MARKETING_VERSION = 1.0;
				PRODUCT_BUNDLE_IDENTIFIER = Developing.GamifiedCatTodoTests;
				PRODUCT_NAME = "$(TARGET_NAME)";
				SWIFT_EMIT_LOC_STRINGS = NO;
				SWIFT_VERSION = 5.0;
				TARGETED_DEVICE_FAMILY = "1,2";
				TEST_HOST = "$(BUILT_PRODUCTS_DIR)/GamifiedCatTodo.app/$(BUNDLE_EXECUTABLE_FOLDER_PATH)/GamifiedCatTodo";
			};
			name = Debug;
		};
		20C91E0F2DC4BFC3000E3F6D /* Release */ = {
			isa = XCBuildConfiguration;
			buildSettings = {
				BUNDLE_LOADER = "$(TEST_HOST)";
				CODE_SIGN_STYLE = Automatic;
				CURRENT_PROJECT_VERSION = 1;
				DEVELOPMENT_TEAM = J6J7Y7M828;
				GENERATE_INFOPLIST_FILE = YES;
				IPHONEOS_DEPLOYMENT_TARGET = 18.4;
				MARKETING_VERSION = 1.0;
				PRODUCT_BUNDLE_IDENTIFIER = Developing.GamifiedCatTodoTests;
				PRODUCT_NAME = "$(TARGET_NAME)";
				SWIFT_EMIT_LOC_STRINGS = NO;
				SWIFT_VERSION = 5.0;
				TARGETED_DEVICE_FAMILY = "1,2";
				TEST_HOST = "$(BUILT_PRODUCTS_DIR)/GamifiedCatTodo.app/$(BUNDLE_EXECUTABLE_FOLDER_PATH)/GamifiedCatTodo";
			};
			name = Release;
		};
		20C91E112DC4BFC3000E3F6D /* Debug */ = {
			isa = XCBuildConfiguration;
			buildSettings = {
				CODE_SIGN_STYLE = Automatic;
				CURRENT_PROJECT_VERSION = 1;
				DEVELOPMENT_TEAM = J6J7Y7M828;
				GENERATE_INFOPLIST_FILE = YES;
				MARKETING_VERSION = 1.0;
				PRODUCT_BUNDLE_IDENTIFIER = Developing.GamifiedCatTodoUITests;
				PRODUCT_NAME = "$(TARGET_NAME)";
				SWIFT_EMIT_LOC_STRINGS = NO;
				SWIFT_VERSION = 5.0;
				TARGETED_DEVICE_FAMILY = "1,2";
				TEST_TARGET_NAME = GamifiedCatTodo;
			};
			name = Debug;
		};
		20C91E122DC4BFC3000E3F6D /* Release */ = {
			isa = XCBuildConfiguration;
			buildSettings = {
				CODE_SIGN_STYLE = Automatic;
				CURRENT_PROJECT_VERSION = 1;
				DEVELOPMENT_TEAM = J6J7Y7M828;
				GENERATE_INFOPLIST_FILE = YES;
				MARKETING_VERSION = 1.0;
				PRODUCT_BUNDLE_IDENTIFIER = Developing.GamifiedCatTodoUITests;
				PRODUCT_NAME = "$(TARGET_NAME)";
				SWIFT_EMIT_LOC_STRINGS = NO;
				SWIFT_VERSION = 5.0;
				TARGETED_DEVICE_FAMILY = "1,2";
				TEST_TARGET_NAME = GamifiedCatTodo;
			};
			name = Release;
		};
/* End XCBuildConfiguration section */

/* Begin XCConfigurationList section */
		20C91DE42DC4BFC1000E3F6D /* Build configuration list for PBXProject "GamifiedCatTodo" */ = {
			isa = XCConfigurationList;
			buildConfigurations = (
				20C91E082DC4BFC3000E3F6D /* Debug */,
				20C91E092DC4BFC3000E3F6D /* Release */,
			);
			defaultConfigurationIsVisible = 0;
			defaultConfigurationName = Release;
		};
		20C91E0A2DC4BFC3000E3F6D /* Build configuration list for PBXNativeTarget "GamifiedCatTodo" */ = {
			isa = XCConfigurationList;
			buildConfigurations = (
				20C91E0B2DC4BFC3000E3F6D /* Debug */,
				20C91E0C2DC4BFC3000E3F6D /* Release */,
			);
			defaultConfigurationIsVisible = 0;
			defaultConfigurationName = Release;
		};
		20C91E0D2DC4BFC3000E3F6D /* Build configuration list for PBXNativeTarget "GamifiedCatTodoTests" */ = {
			isa = XCConfigurationList;
			buildConfigurations = (
				20C91E0E2DC4BFC3000E3F6D /* Debug */,
				20C91E0F2DC4BFC3000E3F6D /* Release */,
			);
			defaultConfigurationIsVisible = 0;
			defaultConfigurationName = Release;
		};
		20C91E102DC4BFC3000E3F6D /* Build configuration list for PBXNativeTarget "GamifiedCatTodoUITests" */ = {
			isa = XCConfigurationList;
			buildConfigurations = (
				20C91E112DC4BFC3000E3F6D /* Debug */,
				20C91E122DC4BFC3000E3F6D /* Release */,
			);
			defaultConfigurationIsVisible = 0;
			defaultConfigurationName = Release;
		};
/* End XCConfigurationList section */
	};
	rootObject = 20C91DE12DC4BFC1000E3F6D /* Project object */;
}
